lockfileVersion: '9.0'

settings:
  autoInstallPeers: true
  excludeLinksFromLockfile: false

importers:

  .:
    dependencies:
      '@open-wc/lit-helpers':
        specifier: ^0.7.0
        version: 0.7.0(lit@2.8.0)
      '@zag-js/checkbox':
        specifier: ^1.14.0
        version: 1.14.0
      '@zag-js/core':
        specifier: ^1.14.0
        version: 1.14.0
      '@zag-js/menu':
        specifier: ^1.14.0
        version: 1.14.0
      '@zag-js/react':
        specifier: ^1.14.0
        version: 1.14.0(react-dom@19.1.0(react@19.1.0))(react@19.1.0)
      '@zag-js/slider':
        specifier: ^1.14.0
        version: 1.14.0
      '@zag-js/tooltip':
        specifier: ^1.14.0
        version: 1.14.0
      '@zag-js/types':
        specifier: ^1.14.0
        version: 1.14.0
      '@zag-js/utils':
        specifier: ^1.14.0
        version: 1.14.0
      lit:
        specifier: ^2.8.0
        version: 2.8.0
    devDependencies:
      '@types/node':
        specifier: ^18.11.19
        version: 18.19.110
      vite:
        specifier: ^4.1.1
        version: 4.5.14(@types/node@18.19.110)

packages:

  '@esbuild/android-arm64@0.18.20':
    resolution: {integrity: sha512-Nz4rJcchGDtENV0eMKUNa6L12zz2zBDXuhj/Vjh18zGqB44Bi7MBMSXjgunJgjRhCmKOjnPuZp4Mb6OKqtMHLQ==}
    engines: {node: '>=12'}
    cpu: [arm64]
    os: [android]

  '@esbuild/android-arm@0.18.20':
    resolution: {integrity: sha512-fyi7TDI/ijKKNZTUJAQqiG5T7YjJXgnzkURqmGj13C6dCqckZBLdl4h7bkhHt/t0WP+zO9/zwroDvANaOqO5Sw==}
    engines: {node: '>=12'}
    cpu: [arm]
    os: [android]

  '@esbuild/android-x64@0.18.20':
    resolution: {integrity: sha512-8GDdlePJA8D6zlZYJV/jnrRAi6rOiNaCC/JclcXpB+KIuvfBN4owLtgzY2bsxnx666XjJx2kDPUmnTtR8qKQUg==}
    engines: {node: '>=12'}
    cpu: [x64]
    os: [android]

  '@esbuild/darwin-arm64@0.18.20':
    resolution: {integrity: sha512-bxRHW5kHU38zS2lPTPOyuyTm+S+eobPUnTNkdJEfAddYgEcll4xkT8DB9d2008DtTbl7uJag2HuE5NZAZgnNEA==}
    engines: {node: '>=12'}
    cpu: [arm64]
    os: [darwin]

  '@esbuild/darwin-x64@0.18.20':
    resolution: {integrity: sha512-pc5gxlMDxzm513qPGbCbDukOdsGtKhfxD1zJKXjCCcU7ju50O7MeAZ8c4krSJcOIJGFR+qx21yMMVYwiQvyTyQ==}
    engines: {node: '>=12'}
    cpu: [x64]
    os: [darwin]

  '@esbuild/freebsd-arm64@0.18.20':
    resolution: {integrity: sha512-yqDQHy4QHevpMAaxhhIwYPMv1NECwOvIpGCZkECn8w2WFHXjEwrBn3CeNIYsibZ/iZEUemj++M26W3cNR5h+Tw==}
    engines: {node: '>=12'}
    cpu: [arm64]
    os: [freebsd]

  '@esbuild/freebsd-x64@0.18.20':
    resolution: {integrity: sha512-tgWRPPuQsd3RmBZwarGVHZQvtzfEBOreNuxEMKFcd5DaDn2PbBxfwLcj4+aenoh7ctXcbXmOQIn8HI6mCSw5MQ==}
    engines: {node: '>=12'}
    cpu: [x64]
    os: [freebsd]

  '@esbuild/linux-arm64@0.18.20':
    resolution: {integrity: sha512-2YbscF+UL7SQAVIpnWvYwM+3LskyDmPhe31pE7/aoTMFKKzIc9lLbyGUpmmb8a8AixOL61sQ/mFh3jEjHYFvdA==}
    engines: {node: '>=12'}
    cpu: [arm64]
    os: [linux]

  '@esbuild/linux-arm@0.18.20':
    resolution: {integrity: sha512-/5bHkMWnq1EgKr1V+Ybz3s1hWXok7mDFUMQ4cG10AfW3wL02PSZi5kFpYKrptDsgb2WAJIvRcDm+qIvXf/apvg==}
    engines: {node: '>=12'}
    cpu: [arm]
    os: [linux]

  '@esbuild/linux-ia32@0.18.20':
    resolution: {integrity: sha512-P4etWwq6IsReT0E1KHU40bOnzMHoH73aXp96Fs8TIT6z9Hu8G6+0SHSw9i2isWrD2nbx2qo5yUqACgdfVGx7TA==}
    engines: {node: '>=12'}
    cpu: [ia32]
    os: [linux]

  '@esbuild/linux-loong64@0.18.20':
    resolution: {integrity: sha512-nXW8nqBTrOpDLPgPY9uV+/1DjxoQ7DoB2N8eocyq8I9XuqJ7BiAMDMf9n1xZM9TgW0J8zrquIb/A7s3BJv7rjg==}
    engines: {node: '>=12'}
    cpu: [loong64]
    os: [linux]

  '@esbuild/linux-mips64el@0.18.20':
    resolution: {integrity: sha512-d5NeaXZcHp8PzYy5VnXV3VSd2D328Zb+9dEq5HE6bw6+N86JVPExrA6O68OPwobntbNJ0pzCpUFZTo3w0GyetQ==}
    engines: {node: '>=12'}
    cpu: [mips64el]
    os: [linux]

  '@esbuild/linux-ppc64@0.18.20':
    resolution: {integrity: sha512-WHPyeScRNcmANnLQkq6AfyXRFr5D6N2sKgkFo2FqguP44Nw2eyDlbTdZwd9GYk98DZG9QItIiTlFLHJHjxP3FA==}
    engines: {node: '>=12'}
    cpu: [ppc64]
    os: [linux]

  '@esbuild/linux-riscv64@0.18.20':
    resolution: {integrity: sha512-WSxo6h5ecI5XH34KC7w5veNnKkju3zBRLEQNY7mv5mtBmrP/MjNBCAlsM2u5hDBlS3NGcTQpoBvRzqBcRtpq1A==}
    engines: {node: '>=12'}
    cpu: [riscv64]
    os: [linux]

  '@esbuild/linux-s390x@0.18.20':
    resolution: {integrity: sha512-+8231GMs3mAEth6Ja1iK0a1sQ3ohfcpzpRLH8uuc5/KVDFneH6jtAJLFGafpzpMRO6DzJ6AvXKze9LfFMrIHVQ==}
    engines: {node: '>=12'}
    cpu: [s390x]
    os: [linux]

  '@esbuild/linux-x64@0.18.20':
    resolution: {integrity: sha512-UYqiqemphJcNsFEskc73jQ7B9jgwjWrSayxawS6UVFZGWrAAtkzjxSqnoclCXxWtfwLdzU+vTpcNYhpn43uP1w==}
    engines: {node: '>=12'}
    cpu: [x64]
    os: [linux]

  '@esbuild/netbsd-x64@0.18.20':
    resolution: {integrity: sha512-iO1c++VP6xUBUmltHZoMtCUdPlnPGdBom6IrO4gyKPFFVBKioIImVooR5I83nTew5UOYrk3gIJhbZh8X44y06A==}
    engines: {node: '>=12'}
    cpu: [x64]
    os: [netbsd]

  '@esbuild/openbsd-x64@0.18.20':
    resolution: {integrity: sha512-e5e4YSsuQfX4cxcygw/UCPIEP6wbIL+se3sxPdCiMbFLBWu0eiZOJ7WoD+ptCLrmjZBK1Wk7I6D/I3NglUGOxg==}
    engines: {node: '>=12'}
    cpu: [x64]
    os: [openbsd]

  '@esbuild/sunos-x64@0.18.20':
    resolution: {integrity: sha512-kDbFRFp0YpTQVVrqUd5FTYmWo45zGaXe0X8E1G/LKFC0v8x0vWrhOWSLITcCn63lmZIxfOMXtCfti/RxN/0wnQ==}
    engines: {node: '>=12'}
    cpu: [x64]
    os: [sunos]

  '@esbuild/win32-arm64@0.18.20':
    resolution: {integrity: sha512-ddYFR6ItYgoaq4v4JmQQaAI5s7npztfV4Ag6NrhiaW0RrnOXqBkgwZLofVTlq1daVTQNhtI5oieTvkRPfZrePg==}
    engines: {node: '>=12'}
    cpu: [arm64]
    os: [win32]

  '@esbuild/win32-ia32@0.18.20':
    resolution: {integrity: sha512-Wv7QBi3ID/rROT08SABTS7eV4hX26sVduqDOTe1MvGMjNd3EjOz4b7zeexIR62GTIEKrfJXKL9LFxTYgkyeu7g==}
    engines: {node: '>=12'}
    cpu: [ia32]
    os: [win32]

  '@esbuild/win32-x64@0.18.20':
    resolution: {integrity: sha512-kTdfRcSiDfQca/y9QIkng02avJ+NCaQvrMejlsB3RRv5sE9rRoeBPISaZpKxHELzRxZyLvNts1P27W3wV+8geQ==}
    engines: {node: '>=12'}
    cpu: [x64]
    os: [win32]

  '@floating-ui/core@1.7.1':
    resolution: {integrity: sha512-azI0DrjMMfIug/ExbBaeDVJXcY0a7EPvPjb2xAJPa4HeimBX+Z18HK8QQR3jb6356SnDDdxx+hinMLcJEDdOjw==}

  '@floating-ui/dom@1.7.0':
    resolution: {integrity: sha512-lGTor4VlXcesUMh1cupTUTDoCxMb0V6bm3CnxHzQcw8Eaf1jQbgQX4i02fYgT0vJ82tb5MZ4CZk1LRGkktJCzg==}

  '@floating-ui/utils@0.2.9':
    resolution: {integrity: sha512-MDWhGtE+eHw5JW7lq4qhc5yRLS11ERl1c7Z6Xd0a58DozHES6EnNNwUWbMiG4J9Cgj053Bhk8zvlhFYKVhULwg==}

  '@lit-labs/ssr-dom-shim@1.3.0':
    resolution: {integrity: sha512-nQIWonJ6eFAvUUrSlwyHDm/aE8PBDu5kRpL0vHMg6K8fK3Diq1xdPjTnsJSwxABhaZ+5eBi1btQB5ShUTKo4nQ==}

  '@lit/reactive-element@1.6.3':
    resolution: {integrity: sha512-QuTgnG52Poic7uM1AN5yJ09QMe0O28e10XzSvWDz02TJiiKee4stsiownEIadWm8nYzyDAyT+gKzUoZmiWQtsQ==}

  '@open-wc/lit-helpers@0.7.0':
    resolution: {integrity: sha512-4NBlx5ve0EvZplCRJbESm0MdMbRCw16alP2y76KAAAwzmFFXXrUj5hFwhw55+sSg5qaRRx6sY+s7usKgnNo3TQ==}
    peerDependencies:
      lit: ^2.0.0 || ^3.0.0

  '@types/node@18.19.110':
    resolution: {integrity: sha512-WW2o4gTmREtSnqKty9nhqF/vA0GKd0V/rbC0OyjSk9Bz6bzlsXKT+i7WDdS/a0z74rfT2PO4dArVCSnapNLA5Q==}

  '@types/trusted-types@2.0.7':
    resolution: {integrity: sha512-ScaPdn1dQczgbl0QFTeTOmVHFULt394XJgOQNoyVhZ6r2vLnMLJfBPd53SB52T/3G36VI1/g2MZaX0cwDuXsfw==}

  '@zag-js/anatomy@1.14.0':
    resolution: {integrity: sha512-s58rMC7Gza0L6zaw1gwHGCQQxHCO+sUBKEjNNWMZGU+SsmORbAC1T9NX3wnXZGVB2i+EOv1wFda2/bPimIFUHg==}

  '@zag-js/checkbox@1.14.0':
    resolution: {integrity: sha512-4oekf14CH/CSvzhZaKePhVhwSN23q4hYpLSIe6CRh1NwYO8sjMG16gtuczdV/bKtyaEyMA5Oes5HgBXRX4TwqA==}

  '@zag-js/core@1.14.0':
    resolution: {integrity: sha512-CzL0sxdyOjEzqaWUDC07CyC9Epzc05gstjaAr1/cjD+ez8qdPtoNb5WhWocKvpVBr8JvGau0kNdkhgUeujK/+g==}

  '@zag-js/dismissable@1.14.0':
    resolution: {integrity: sha512-1Y4xCu/+Wl3DQf6m8fvNG0b4STdJFPc5aPqyaKJIB0odSG75sAuefmC2Iztsi39SCMrAvwfMLpkj4kIIlJsYxQ==}

  '@zag-js/dom-query@1.14.0':
    resolution: {integrity: sha512-+bAAtQY4cOMf9jYxLhgw8nO6i8jpPLplL1sgf0llyspVH6pJKIQMNDMbKD65XSzjcNEbOyzkP5hc7OeHNFw70A==}

  '@zag-js/focus-visible@1.14.0':
    resolution: {integrity: sha512-BAuPIqeDL0LhDBUDZZJdRLpFHxEU92TTUX4ThJBXf4vipMsrm3BJD2YHuak3lg07nxIHFR1uTCI/y/QK/BZ4Nw==}

  '@zag-js/interact-outside@1.14.0':
    resolution: {integrity: sha512-kGA4xWoiNnjVm8A3JZq2RdkKv8UAF5uN6weCxIdOpxEyJOHkGsZNl17aoP9oA3wCG3XC4zGtlOex7dsnwAPmrQ==}

  '@zag-js/menu@1.14.0':
    resolution: {integrity: sha512-ULayxHDBTf3kZly2K0nYpsVvHk84yeOjWgsn3HU9Yl3jIVpw74l4XgJzvKpVDgK1aH+o8/R1fzHWNKtmWAlolg==}

  '@zag-js/popper@1.14.0':
    resolution: {integrity: sha512-Zaiw6Lkkp8NTNkyYtRt9jBHJq+2C7a95ynvxjN7bW+5mBC8UVOKssYJo9rzvp9HiQssQX3G7SzVgo+t1jZdPyg==}

  '@zag-js/react@1.14.0':
    resolution: {integrity: sha512-jeMxMlvYWCFVuQ8Hb+QORQiuKkgAnkrDRpLZKbBlCRTghjX9bcsrun9D+ebCDBtD3xZdG+fHc6Lpz6wmgWWorA==}
    peerDependencies:
      react: '>=18.0.0'
      react-dom: '>=18.0.0'

  '@zag-js/rect-utils@1.14.0':
    resolution: {integrity: sha512-9zJJZM5cWi8/bBb7MqgQhHK19wcFK6FYC4KswAyiOdZh4TDNlHmPkqA29uWXjyYVZQb5z7TNIWg+2V6zHK+MFg==}

  '@zag-js/slider@1.14.0':
    resolution: {integrity: sha512-8aJGAmm6X+SINX1ptXJUXtlieoobkYFEQU518TsMMC75EH/QCKrxuksyuGXteeIoDFLIAdKmAI7IVY41S1/Puw==}

  '@zag-js/store@1.14.0':
    resolution: {integrity: sha512-85XniF5KZjWBMQAB2FzjBYZKdqnG8OCDu33bS6kSDnbhu49Z3I3D9GvMOsODNo4CwJXPSOV0yzRtOiEscMO4zQ==}

  '@zag-js/tooltip@1.14.0':
    resolution: {integrity: sha512-q5oHx7NyCTeDMLRVIzAF2gJB0+B6tQPWScgTeEGfdC1mrGIuxIqqISl56QKgL5CJDLwsX8gr9IYFIg9mXb14Ig==}

  '@zag-js/types@1.14.0':
    resolution: {integrity: sha512-7ijOGUMOmTQnOMOvVb4c24F5pWJogXf6tFud2/vFslpiPEzI0Uo3Kvd6ZMFrCifw43ZNpwP2BfpYqoqfnIjvEg==}

  '@zag-js/utils@1.14.0':
    resolution: {integrity: sha512-F0RoA/dJYUxRaTGdhi1LpHqHXnBjLn7ww9UGIzCJ40r7EVVV6jvm6HwC5g19ZbRGYMxR29LO/ipb9CWfR9my4w==}

  csstype@3.1.3:
    resolution: {integrity: sha512-M1uQkMl8rQK/szD0LNhtqxIPLpimGm8sOBwU7lLnCpSbTyY3yeU1Vc7l4KT5zT4s/yOxHH5O7tIuuLOCnLADRw==}

  esbuild@0.18.20:
    resolution: {integrity: sha512-ceqxoedUrcayh7Y7ZX6NdbbDzGROiyVBgC4PriJThBKSVPWnnFHZAkfI1lJT8QFkOwH4qOS2SJkS4wvpGl8BpA==}
    engines: {node: '>=12'}
    hasBin: true

  fsevents@2.3.3:
    resolution: {integrity: sha512-5xoDfX+fL7faATnagmWPpbFtwh/R77WmMMqqHGS65C3vvB0YHrgF+B1YmZ3441tMj5n63k0212XNoJwzlhffQw==}
    engines: {node: ^8.16.0 || ^10.6.0 || >=11.0.0}
    os: [darwin]

  lit-element@3.3.3:
    resolution: {integrity: sha512-XbeRxmTHubXENkV4h8RIPyr8lXc+Ff28rkcQzw3G6up2xg5E8Zu1IgOWIwBLEQsu3cOVFqdYwiVi0hv0SlpqUA==}

  lit-html@2.8.0:
    resolution: {integrity: sha512-o9t+MQM3P4y7M7yNzqAyjp7z+mQGa4NS4CxiyLqFPyFWyc4O+nodLrkrxSaCTrla6M5YOLaT3RpbbqjszB5g3Q==}

  lit@2.8.0:
    resolution: {integrity: sha512-4Sc3OFX9QHOJaHbmTMk28SYgVxLN3ePDjg7hofEft2zWlehFL3LiAuapWc4U/kYwMYJSh2hTCPZ6/LIC7ii0MA==}

  nanoid@3.3.11:
    resolution: {integrity: sha512-N8SpfPUnUp1bK+PMYW8qSWdl9U+wwNWI4QKxOYDy9JAro3WMX7p2OeVRF9v+347pnakNevPmiHhNmZ2HbFA76w==}
    engines: {node: ^10 || ^12 || ^13.7 || ^14 || >=15.0.1}
    hasBin: true

  picocolors@1.1.1:
    resolution: {integrity: sha512-xceH2snhtb5M9liqDsmEw56le376mTZkEX/jEb/RxNFyegNul7eNslCXP9FDj/Lcu0X8KEyMceP2ntpaHrDEVA==}

  postcss@8.5.4:
    resolution: {integrity: sha512-QSa9EBe+uwlGTFmHsPKokv3B/oEMQZxfqW0QqNCyhpa6mB1afzulwn8hihglqAb2pOw+BJgNlmXQ8la2VeHB7w==}
    engines: {node: ^10 || ^12 || >=14}

  proxy-compare@3.0.1:
    resolution: {integrity: sha512-V9plBAt3qjMlS1+nC8771KNf6oJ12gExvaxnNzN/9yVRLdTv/lc+oJlnSzrdYDAvBfTStPCoiaCOTmTs0adv7Q==}

  react-dom@19.1.0:
    resolution: {integrity: sha512-Xs1hdnE+DyKgeHJeJznQmYMIBG3TKIHJJT95Q58nHLSrElKlGQqDTR2HQ9fx5CN/Gk6Vh/kupBTDLU11/nDk/g==}
    peerDependencies:
      react: ^19.1.0

  react@19.1.0:
    resolution: {integrity: sha512-FS+XFBNvn3GTAWq26joslQgWNoFu08F4kl0J4CgdNKADkdSGXQyTCnKteIAJy96Br6YbpEU1LSzV5dYtjMkMDg==}
    engines: {node: '>=0.10.0'}

  rollup@3.29.5:
    resolution: {integrity: sha512-GVsDdsbJzzy4S/v3dqWPJ7EfvZJfCHiDqe80IyrF59LYuP+e6U1LJoUqeuqRbwAWoMNoXivMNeNAOf5E22VA1w==}
    engines: {node: '>=14.18.0', npm: '>=8.0.0'}
    hasBin: true

  scheduler@0.26.0:
    resolution: {integrity: sha512-NlHwttCI/l5gCPR3D1nNXtWABUmBwvZpEQiD4IXSbIDq8BzLIK/7Ir5gTFSGZDUu37K5cMNp0hFtzO38sC7gWA==}

  source-map-js@1.2.1:
    resolution: {integrity: sha512-UXWMKhLOwVKb728IUtQPXxfYU+usdybtUrK/8uGE8CQMvrhOpwvzDBwj0QhSL7MQc7vIsISBG8VQ8+IDQxpfQA==}
    engines: {node: '>=0.10.0'}

  undici-types@5.26.5:
    resolution: {integrity: sha512-JlCMO+ehdEIKqlFxk6IfVoAUVmgz7cU7zD/h9XZ0qzeosSHmUJVOzSQvvYSYWXkFXC+IfLKSIffhv0sVZup6pA==}

  vite@4.5.14:
    resolution: {integrity: sha512-+v57oAaoYNnO3hIu5Z/tJRZjq5aHM2zDve9YZ8HngVHbhk66RStobhb1sqPMIPEleV6cNKYK4eGrAbE9Ulbl2g==}
    engines: {node: ^14.18.0 || >=16.0.0}
    hasBin: true
    peerDependencies:
      '@types/node': '>= 14'
      less: '*'
      lightningcss: ^1.21.0
      sass: '*'
      stylus: '*'
      sugarss: '*'
      terser: ^5.4.0
    peerDependenciesMeta:
      '@types/node':
        optional: true
      less:
        optional: true
      lightningcss:
        optional: true
      sass:
        optional: true
      stylus:
        optional: true
      sugarss:
        optional: true
      terser:
        optional: true

snapshots:

  '@esbuild/android-arm64@0.18.20':
    optional: true

  '@esbuild/android-arm@0.18.20':
    optional: true

  '@esbuild/android-x64@0.18.20':
    optional: true

  '@esbuild/darwin-arm64@0.18.20':
    optional: true

  '@esbuild/darwin-x64@0.18.20':
    optional: true

  '@esbuild/freebsd-arm64@0.18.20':
    optional: true

  '@esbuild/freebsd-x64@0.18.20':
    optional: true

  '@esbuild/linux-arm64@0.18.20':
    optional: true

  '@esbuild/linux-arm@0.18.20':
    optional: true

  '@esbuild/linux-ia32@0.18.20':
    optional: true

  '@esbuild/linux-loong64@0.18.20':
    optional: true

  '@esbuild/linux-mips64el@0.18.20':
    optional: true

  '@esbuild/linux-ppc64@0.18.20':
    optional: true

  '@esbuild/linux-riscv64@0.18.20':
    optional: true

  '@esbuild/linux-s390x@0.18.20':
    optional: true

  '@esbuild/linux-x64@0.18.20':
    optional: true

  '@esbuild/netbsd-x64@0.18.20':
    optional: true

  '@esbuild/openbsd-x64@0.18.20':
    optional: true

  '@esbuild/sunos-x64@0.18.20':
    optional: true

  '@esbuild/win32-arm64@0.18.20':
    optional: true

  '@esbuild/win32-ia32@0.18.20':
    optional: true

  '@esbuild/win32-x64@0.18.20':
    optional: true

  '@floating-ui/core@1.7.1':
    dependencies:
      '@floating-ui/utils': 0.2.9

  '@floating-ui/dom@1.7.0':
    dependencies:
      '@floating-ui/core': 1.7.1
      '@floating-ui/utils': 0.2.9

  '@floating-ui/utils@0.2.9': {}

  '@lit-labs/ssr-dom-shim@1.3.0': {}

  '@lit/reactive-element@1.6.3':
    dependencies:
      '@lit-labs/ssr-dom-shim': 1.3.0

  '@open-wc/lit-helpers@0.7.0(lit@2.8.0)':
    dependencies:
      lit: 2.8.0

  '@types/node@18.19.110':
    dependencies:
      undici-types: 5.26.5

  '@types/trusted-types@2.0.7': {}

  '@zag-js/anatomy@1.14.0': {}

  '@zag-js/checkbox@1.14.0':
    dependencies:
      '@zag-js/anatomy': 1.14.0
      '@zag-js/core': 1.14.0
      '@zag-js/dom-query': 1.14.0
      '@zag-js/focus-visible': 1.14.0
      '@zag-js/types': 1.14.0
      '@zag-js/utils': 1.14.0

  '@zag-js/core@1.14.0':
    dependencies:
      '@zag-js/dom-query': 1.14.0
      '@zag-js/utils': 1.14.0

  '@zag-js/dismissable@1.14.0':
    dependencies:
      '@zag-js/dom-query': 1.14.0
      '@zag-js/interact-outside': 1.14.0
      '@zag-js/utils': 1.14.0

  '@zag-js/dom-query@1.14.0':
    dependencies:
      '@zag-js/types': 1.14.0

  '@zag-js/focus-visible@1.14.0':
    dependencies:
      '@zag-js/dom-query': 1.14.0

  '@zag-js/interact-outside@1.14.0':
    dependencies:
      '@zag-js/dom-query': 1.14.0
      '@zag-js/utils': 1.14.0

  '@zag-js/menu@1.14.0':
    dependencies:
      '@zag-js/anatomy': 1.14.0
      '@zag-js/core': 1.14.0
      '@zag-js/dismissable': 1.14.0
      '@zag-js/dom-query': 1.14.0
      '@zag-js/popper': 1.14.0
      '@zag-js/rect-utils': 1.14.0
      '@zag-js/types': 1.14.0
      '@zag-js/utils': 1.14.0

  '@zag-js/popper@1.14.0':
    dependencies:
      '@floating-ui/dom': 1.7.0
      '@zag-js/dom-query': 1.14.0
      '@zag-js/utils': 1.14.0

  '@zag-js/react@1.14.0(react-dom@19.1.0(react@19.1.0))(react@19.1.0)':
    dependencies:
      '@zag-js/core': 1.14.0
      '@zag-js/store': 1.14.0
      '@zag-js/types': 1.14.0
      '@zag-js/utils': 1.14.0
      react: 19.1.0
      react-dom: 19.1.0(react@19.1.0)

  '@zag-js/rect-utils@1.14.0': {}

  '@zag-js/slider@1.14.0':
    dependencies:
      '@zag-js/anatomy': 1.14.0
      '@zag-js/core': 1.14.0
      '@zag-js/dom-query': 1.14.0
      '@zag-js/types': 1.14.0
      '@zag-js/utils': 1.14.0

  '@zag-js/store@1.14.0':
    dependencies:
      proxy-compare: 3.0.1

  '@zag-js/tooltip@1.14.0':
    dependencies:
      '@zag-js/anatomy': 1.14.0
      '@zag-js/core': 1.14.0
      '@zag-js/dom-query': 1.14.0
      '@zag-js/focus-visible': 1.14.0
      '@zag-js/popper': 1.14.0
      '@zag-js/store': 1.14.0
      '@zag-js/types': 1.14.0
      '@zag-js/utils': 1.14.0

  '@zag-js/types@1.14.0':
    dependencies:
      csstype: 3.1.3

  '@zag-js/utils@1.14.0': {}

  csstype@3.1.3: {}

  esbuild@0.18.20:
    optionalDependencies:
      '@esbuild/android-arm': 0.18.20
      '@esbuild/android-arm64': 0.18.20
      '@esbuild/android-x64': 0.18.20
      '@esbuild/darwin-arm64': 0.18.20
      '@esbuild/darwin-x64': 0.18.20
      '@esbuild/freebsd-arm64': 0.18.20
      '@esbuild/freebsd-x64': 0.18.20
      '@esbuild/linux-arm': 0.18.20
      '@esbuild/linux-arm64': 0.18.20
      '@esbuild/linux-ia32': 0.18.20
      '@esbuild/linux-loong64': 0.18.20
      '@esbuild/linux-mips64el': 0.18.20
      '@esbuild/linux-ppc64': 0.18.20
      '@esbuild/linux-riscv64': 0.18.20
      '@esbuild/linux-s390x': 0.18.20
      '@esbuild/linux-x64': 0.18.20
      '@esbuild/netbsd-x64': 0.18.20
      '@esbuild/openbsd-x64': 0.18.20
      '@esbuild/sunos-x64': 0.18.20
      '@esbuild/win32-arm64': 0.18.20
      '@esbuild/win32-ia32': 0.18.20
      '@esbuild/win32-x64': 0.18.20

  fsevents@2.3.3:
    optional: true

  lit-element@3.3.3:
    dependencies:
      '@lit-labs/ssr-dom-shim': 1.3.0
      '@lit/reactive-element': 1.6.3
      lit-html: 2.8.0

  lit-html@2.8.0:
    dependencies:
      '@types/trusted-types': 2.0.7

  lit@2.8.0:
    dependencies:
      '@lit/reactive-element': 1.6.3
      lit-element: 3.3.3
      lit-html: 2.8.0

  nanoid@3.3.11: {}

  picocolors@1.1.1: {}

  postcss@8.5.4:
    dependencies:
      nanoid: 3.3.11
      picocolors: 1.1.1
      source-map-js: 1.2.1

  proxy-compare@3.0.1: {}

  react-dom@19.1.0(react@19.1.0):
    dependencies:
      react: 19.1.0
      scheduler: 0.26.0

  react@19.1.0: {}

  rollup@3.29.5:
    optionalDependencies:
      fsevents: 2.3.3

  scheduler@0.26.0: {}

  source-map-js@1.2.1: {}

  undici-types@5.26.5: {}

  vite@4.5.14(@types/node@18.19.110):
    dependencies:
      esbuild: 0.18.20
      postcss: 8.5.4
      rollup: 3.29.5
    optionalDependencies:
      '@types/node': 18.19.110
      fsevents: 2.3.3
